// !$*UTF8*$!
{
	archiveVersion = 1;
	classes = {
	};
	objectVersion = 46;
	objects = {

/* Begin PBXBuildFile section */
		0ECD6D9DA6074B8F76DB7304 /* Pods_Maintenance.framework in Frameworks */ = {isa = PBXBuildFile; fileRef = 9E5622FDD97CF21DDC6AD595 /* Pods_Maintenance.framework */; };
		D20DD3E31D031C300097D55A /* BreakViewController.swift in Sources */ = {isa = PBXBuildFile; fileRef = D20DD3E21D031C300097D55A /* BreakViewController.swift */; };
		D23AFE7E1D0B964F0068E3CC /* GoogleViewController.swift in Sources */ = {isa = PBXBuildFile; fileRef = D23AFE7D1D0B964F0068E3CC /* GoogleViewController.swift */; };
		D23AFE831D0E4FD70068E3CC /* client_520986608923-k8rng83ktia0tufr8okh2fvosh2orroq.apps.googleusercontent.com.plist in Resources */ = {isa = PBXBuildFile; fileRef = D23AFE821D0E4FD70068E3CC /* client_520986608923-k8rng83ktia0tufr8okh2fvosh2orroq.apps.googleusercontent.com.plist */; };
		D24A1FA21CDF9CB10084DD18 /* Model.swift in Sources */ = {isa = PBXBuildFile; fileRef = D24A1FA11CDF9CB10084DD18 /* Model.swift */; };
		D24C83491CCEE63800EFD455 /* WorkerViewController.swift in Sources */ = {isa = PBXBuildFile; fileRef = D24C83481CCEE63800EFD455 /* WorkerViewController.swift */; };
		D29FC60F1CB72FD700DD5BC7 /* AppDelegate.swift in Sources */ = {isa = PBXBuildFile; fileRef = D29FC60E1CB72FD700DD5BC7 /* AppDelegate.swift */; };
		D29FC6111CB72FD700DD5BC7 /* ViewController.swift in Sources */ = {isa = PBXBuildFile; fileRef = D29FC6101CB72FD700DD5BC7 /* ViewController.swift */; };
		D29FC6141CB72FD700DD5BC7 /* Main.storyboard in Resources */ = {isa = PBXBuildFile; fileRef = D29FC6121CB72FD700DD5BC7 /* Main.storyboard */; };
		D29FC6161CB72FD700DD5BC7 /* Assets.xcassets in Resources */ = {isa = PBXBuildFile; fileRef = D29FC6151CB72FD700DD5BC7 /* Assets.xcassets */; };
		D29FC6241CB72FD700DD5BC7 /* MaintenanceTests.swift in Sources */ = {isa = PBXBuildFile; fileRef = D29FC6231CB72FD700DD5BC7 /* MaintenanceTests.swift */; };
		D29FC62F1CB72FD700DD5BC7 /* MaintenanceUITests.swift in Sources */ = {isa = PBXBuildFile; fileRef = D29FC62E1CB72FD700DD5BC7 /* MaintenanceUITests.swift */; };
		D2B9A4381CC2895800A156D2 /* ServiceRequestNumberInputViewController.swift in Sources */ = {isa = PBXBuildFile; fileRef = D2B9A4371CC2895800A156D2 /* ServiceRequestNumberInputViewController.swift */; };
		D2B9A43C1CC2F64A00A156D2 /* LocationViewController.swift in Sources */ = {isa = PBXBuildFile; fileRef = D2B9A43B1CC2F64A00A156D2 /* LocationViewController.swift */; };
		D2B9A43E1CC3034500A156D2 /* TravelRequiredViewController.swift in Sources */ = {isa = PBXBuildFile; fileRef = D2B9A43D1CC3034500A156D2 /* TravelRequiredViewController.swift */; };
		D2B9A4401CC31F0A00A156D2 /* TravelTimeViewController.swift in Sources */ = {isa = PBXBuildFile; fileRef = D2B9A43F1CC31F0A00A156D2 /* TravelTimeViewController.swift */; };
		D2B9A4421CC3218B00A156D2 /* NavigationController.swift in Sources */ = {isa = PBXBuildFile; fileRef = D2B9A4411CC3218B00A156D2 /* NavigationController.swift */; };
		D2B9A4441CC434F700A156D2 /* DetailsViewController.swift in Sources */ = {isa = PBXBuildFile; fileRef = D2B9A4431CC434F700A156D2 /* DetailsViewController.swift */; };
		D2C2B0841CFD014B0063BE56 /* CurrentStage+CoreDataProperties.swift in Sources */ = {isa = PBXBuildFile; fileRef = D2C2B0821CFD014B0063BE56 /* CurrentStage+CoreDataProperties.swift */; };
		D2C2B0851CFD014B0063BE56 /* CurrentStage.swift in Sources */ = {isa = PBXBuildFile; fileRef = D2C2B0831CFD014B0063BE56 /* CurrentStage.swift */; };
		D2E1799A1CB874EE008F64F2 /* Model.xcdatamodeld in Sources */ = {isa = PBXBuildFile; fileRef = D2E179981CB874EE008F64F2 /* Model.xcdatamodeld */; };
		D2E1799D1CB87755008F64F2 /* Worker+CoreDataProperties.swift in Sources */ = {isa = PBXBuildFile; fileRef = D2E1799B1CB87755008F64F2 /* Worker+CoreDataProperties.swift */; };
		D2E1799E1CB87755008F64F2 /* Worker.swift in Sources */ = {isa = PBXBuildFile; fileRef = D2E1799C1CB87755008F64F2 /* Worker.swift */; };
		D2E179A01CB8779D008F64F2 /* DataController.swift in Sources */ = {isa = PBXBuildFile; fileRef = D2E1799F1CB8779D008F64F2 /* DataController.swift */; };
		D2E179A31CB9B0DD008F64F2 /* ServiceRequest+CoreDataProperties.swift in Sources */ = {isa = PBXBuildFile; fileRef = D2E179A11CB9B0DD008F64F2 /* ServiceRequest+CoreDataProperties.swift */; };
		D2E179A41CB9B0DD008F64F2 /* ServiceRequest.swift in Sources */ = {isa = PBXBuildFile; fileRef = D2E179A21CB9B0DD008F64F2 /* ServiceRequest.swift */; };
		D2E179AC1CBA9C97008F64F2 /* MenuViewController.swift in Sources */ = {isa = PBXBuildFile; fileRef = D2E179AB1CBA9C97008F64F2 /* MenuViewController.swift */; };
/* End PBXBuildFile section */

/* Begin PBXContainerItemProxy section */
		D29FC6201CB72FD700DD5BC7 /* PBXContainerItemProxy */ = {
			isa = PBXContainerItemProxy;
			containerPortal = D29FC6031CB72FD700DD5BC7 /* Project object */;
			proxyType = 1;
			remoteGlobalIDString = D29FC60A1CB72FD700DD5BC7;
			remoteInfo = Maintenance;
		};
		D29FC62B1CB72FD700DD5BC7 /* PBXContainerItemProxy */ = {
			isa = PBXContainerItemProxy;
			containerPortal = D29FC6031CB72FD700DD5BC7 /* Project object */;
			proxyType = 1;
			remoteGlobalIDString = D29FC60A1CB72FD700DD5BC7;
			remoteInfo = Maintenance;
		};
/* End PBXContainerItemProxy section */

/* Begin PBXFileReference section */
		0E70EDCCD88FB9796D4EE3E9 /* Pods-Maintenance.debug.xcconfig */ = {isa = PBXFileReference; includeInIndex = 1; lastKnownFileType = text.xcconfig; name = "Pods-Maintenance.debug.xcconfig"; path = "Pods/Target Support Files/Pods-Maintenance/Pods-Maintenance.debug.xcconfig"; sourceTree = "<group>"; };
		9E5622FDD97CF21DDC6AD595 /* Pods_Maintenance.framework */ = {isa = PBXFileReference; explicitFileType = wrapper.framework; includeInIndex = 0; path = Pods_Maintenance.framework; sourceTree = BUILT_PRODUCTS_DIR; };
		C42DF27300AEB86A5CF9F86D /* Pods-Maintenance.release.xcconfig */ = {isa = PBXFileReference; includeInIndex = 1; lastKnownFileType = text.xcconfig; name = "Pods-Maintenance.release.xcconfig"; path = "Pods/Target Support Files/Pods-Maintenance/Pods-Maintenance.release.xcconfig"; sourceTree = "<group>"; };
		D20DD3E21D031C300097D55A /* BreakViewController.swift */ = {isa = PBXFileReference; fileEncoding = 4; lastKnownFileType = sourcecode.swift; path = BreakViewController.swift; sourceTree = "<group>"; };
		D23AFE7D1D0B964F0068E3CC /* GoogleViewController.swift */ = {isa = PBXFileReference; fileEncoding = 4; lastKnownFileType = sourcecode.swift; path = GoogleViewController.swift; sourceTree = "<group>"; };
		D23AFE7F1D0B98140068E3CC /* Maintenance-Bridging-Header.h */ = {isa = PBXFileReference; lastKnownFileType = sourcecode.c.h; path = "Maintenance-Bridging-Header.h"; sourceTree = "<group>"; };
		D23AFE821D0E4FD70068E3CC /* client_520986608923-k8rng83ktia0tufr8okh2fvosh2orroq.apps.googleusercontent.com.plist */ = {isa = PBXFileReference; fileEncoding = 4; lastKnownFileType = text.plist.xml; name = "client_520986608923-k8rng83ktia0tufr8okh2fvosh2orroq.apps.googleusercontent.com.plist"; path = "../../../Downloads/client_520986608923-k8rng83ktia0tufr8okh2fvosh2orroq.apps.googleusercontent.com.plist"; sourceTree = "<group>"; };
		D24A1FA11CDF9CB10084DD18 /* Model.swift */ = {isa = PBXFileReference; fileEncoding = 4; lastKnownFileType = sourcecode.swift; path = Model.swift; sourceTree = "<group>"; };
		D24C83481CCEE63800EFD455 /* WorkerViewController.swift */ = {isa = PBXFileReference; fileEncoding = 4; lastKnownFileType = sourcecode.swift; path = WorkerViewController.swift; sourceTree = "<group>"; };
		D29FC60B1CB72FD700DD5BC7 /* Maintenance.app */ = {isa = PBXFileReference; explicitFileType = wrapper.application; includeInIndex = 0; path = Maintenance.app; sourceTree = BUILT_PRODUCTS_DIR; };
		D29FC60E1CB72FD700DD5BC7 /* AppDelegate.swift */ = {isa = PBXFileReference; lastKnownFileType = sourcecode.swift; path = AppDelegate.swift; sourceTree = "<group>"; };
		D29FC6101CB72FD700DD5BC7 /* ViewController.swift */ = {isa = PBXFileReference; lastKnownFileType = sourcecode.swift; path = ViewController.swift; sourceTree = "<group>"; };
		D29FC6131CB72FD700DD5BC7 /* Base */ = {isa = PBXFileReference; lastKnownFileType = file.storyboard; name = Base; path = Base.lproj/Main.storyboard; sourceTree = "<group>"; };
		D29FC6151CB72FD700DD5BC7 /* Assets.xcassets */ = {isa = PBXFileReference; lastKnownFileType = folder.assetcatalog; path = Assets.xcassets; sourceTree = "<group>"; };
		D29FC61A1CB72FD700DD5BC7 /* Info.plist */ = {isa = PBXFileReference; lastKnownFileType = text.plist.xml; path = Info.plist; sourceTree = "<group>"; };
		D29FC61F1CB72FD700DD5BC7 /* MaintenanceTests.xctest */ = {isa = PBXFileReference; explicitFileType = wrapper.cfbundle; includeInIndex = 0; path = MaintenanceTests.xctest; sourceTree = BUILT_PRODUCTS_DIR; };
		D29FC6231CB72FD700DD5BC7 /* MaintenanceTests.swift */ = {isa = PBXFileReference; lastKnownFileType = sourcecode.swift; path = MaintenanceTests.swift; sourceTree = "<group>"; };
		D29FC6251CB72FD700DD5BC7 /* Info.plist */ = {isa = PBXFileReference; lastKnownFileType = text.plist.xml; path = Info.plist; sourceTree = "<group>"; };
		D29FC62A1CB72FD700DD5BC7 /* MaintenanceUITests.xctest */ = {isa = PBXFileReference; explicitFileType = wrapper.cfbundle; includeInIndex = 0; path = MaintenanceUITests.xctest; sourceTree = BUILT_PRODUCTS_DIR; };
		D29FC62E1CB72FD700DD5BC7 /* MaintenanceUITests.swift */ = {isa = PBXFileReference; lastKnownFileType = sourcecode.swift; path = MaintenanceUITests.swift; sourceTree = "<group>"; };
		D29FC6301CB72FD700DD5BC7 /* Info.plist */ = {isa = PBXFileReference; lastKnownFileType = text.plist.xml; path = Info.plist; sourceTree = "<group>"; };
		D2B9A4371CC2895800A156D2 /* ServiceRequestNumberInputViewController.swift */ = {isa = PBXFileReference; fileEncoding = 4; lastKnownFileType = sourcecode.swift; path = ServiceRequestNumberInputViewController.swift; sourceTree = "<group>"; };
		D2B9A43B1CC2F64A00A156D2 /* LocationViewController.swift */ = {isa = PBXFileReference; fileEncoding = 4; lastKnownFileType = sourcecode.swift; path = LocationViewController.swift; sourceTree = "<group>"; };
		D2B9A43D1CC3034500A156D2 /* TravelRequiredViewController.swift */ = {isa = PBXFileReference; fileEncoding = 4; lastKnownFileType = sourcecode.swift; path = TravelRequiredViewController.swift; sourceTree = "<group>"; };
		D2B9A43F1CC31F0A00A156D2 /* TravelTimeViewController.swift */ = {isa = PBXFileReference; fileEncoding = 4; lastKnownFileType = sourcecode.swift; path = TravelTimeViewController.swift; sourceTree = "<group>"; };
		D2B9A4411CC3218B00A156D2 /* NavigationController.swift */ = {isa = PBXFileReference; fileEncoding = 4; lastKnownFileType = sourcecode.swift; path = NavigationController.swift; sourceTree = "<group>"; };
		D2B9A4431CC434F700A156D2 /* DetailsViewController.swift */ = {isa = PBXFileReference; fileEncoding = 4; lastKnownFileType = sourcecode.swift; path = DetailsViewController.swift; sourceTree = "<group>"; };
		D2C2B0821CFD014B0063BE56 /* CurrentStage+CoreDataProperties.swift */ = {isa = PBXFileReference; fileEncoding = 4; lastKnownFileType = sourcecode.swift; path = "CurrentStage+CoreDataProperties.swift"; sourceTree = "<group>"; };
		D2C2B0831CFD014B0063BE56 /* CurrentStage.swift */ = {isa = PBXFileReference; fileEncoding = 4; lastKnownFileType = sourcecode.swift; path = CurrentStage.swift; sourceTree = "<group>"; };
		D2E179991CB874EE008F64F2 /* Model.xcdatamodel */ = {isa = PBXFileReference; lastKnownFileType = wrapper.xcdatamodel; path = Model.xcdatamodel; sourceTree = "<group>"; };
		D2E1799B1CB87755008F64F2 /* Worker+CoreDataProperties.swift */ = {isa = PBXFileReference; fileEncoding = 4; lastKnownFileType = sourcecode.swift; path = "Worker+CoreDataProperties.swift"; sourceTree = "<group>"; };
		D2E1799C1CB87755008F64F2 /* Worker.swift */ = {isa = PBXFileReference; fileEncoding = 4; lastKnownFileType = sourcecode.swift; path = Worker.swift; sourceTree = "<group>"; };
		D2E1799F1CB8779D008F64F2 /* DataController.swift */ = {isa = PBXFileReference; fileEncoding = 4; lastKnownFileType = sourcecode.swift; path = DataController.swift; sourceTree = "<group>"; };
		D2E179A11CB9B0DD008F64F2 /* ServiceRequest+CoreDataProperties.swift */ = {isa = PBXFileReference; fileEncoding = 4; lastKnownFileType = sourcecode.swift; path = "ServiceRequest+CoreDataProperties.swift"; sourceTree = "<group>"; };
		D2E179A21CB9B0DD008F64F2 /* ServiceRequest.swift */ = {isa = PBXFileReference; fileEncoding = 4; lastKnownFileType = sourcecode.swift; path = ServiceRequest.swift; sourceTree = "<group>"; };
		D2E179AB1CBA9C97008F64F2 /* MenuViewController.swift */ = {isa = PBXFileReference; fileEncoding = 4; lastKnownFileType = sourcecode.swift; path = MenuViewController.swift; sourceTree = "<group>"; };
/* End PBXFileReference section */

/* Begin PBXFrameworksBuildPhase section */
		D29FC6081CB72FD700DD5BC7 /* Frameworks */ = {
			isa = PBXFrameworksBuildPhase;
			buildActionMask = 2147483647;
			files = (
				0ECD6D9DA6074B8F76DB7304 /* Pods_Maintenance.framework in Frameworks */,
			);
			runOnlyForDeploymentPostprocessing = 0;
		};
		D29FC61C1CB72FD700DD5BC7 /* Frameworks */ = {
			isa = PBXFrameworksBuildPhase;
			buildActionMask = 2147483647;
			files = (
			);
			runOnlyForDeploymentPostprocessing = 0;
		};
		D29FC6271CB72FD700DD5BC7 /* Frameworks */ = {
			isa = PBXFrameworksBuildPhase;
			buildActionMask = 2147483647;
			files = (
			);
			runOnlyForDeploymentPostprocessing = 0;
		};
/* End PBXFrameworksBuildPhase section */

/* Begin PBXGroup section */
		7A449CA5E71B78D98F841622 /* Pods */ = {
			isa = PBXGroup;
			children = (
				0E70EDCCD88FB9796D4EE3E9 /* Pods-Maintenance.debug.xcconfig */,
				C42DF27300AEB86A5CF9F86D /* Pods-Maintenance.release.xcconfig */,
			);
			name = Pods;
			sourceTree = "<group>";
		};
		D29FC6021CB72FD700DD5BC7 = {
			isa = PBXGroup;
			children = (
				D2C2B0821CFD014B0063BE56 /* CurrentStage+CoreDataProperties.swift */,
				D2C2B0831CFD014B0063BE56 /* CurrentStage.swift */,
				D2E179A11CB9B0DD008F64F2 /* ServiceRequest+CoreDataProperties.swift */,
				D2E179A21CB9B0DD008F64F2 /* ServiceRequest.swift */,
				D2E1799B1CB87755008F64F2 /* Worker+CoreDataProperties.swift */,
				D2E1799C1CB87755008F64F2 /* Worker.swift */,
				D29FC60D1CB72FD700DD5BC7 /* Maintenance */,
				D29FC6221CB72FD700DD5BC7 /* MaintenanceTests */,
				D29FC62D1CB72FD700DD5BC7 /* MaintenanceUITests */,
				D29FC60C1CB72FD700DD5BC7 /* Products */,
				7A449CA5E71B78D98F841622 /* Pods */,
				D7D01BF0701A247AB621E3D0 /* Frameworks */,
			);
			sourceTree = "<group>";
		};
		D29FC60C1CB72FD700DD5BC7 /* Products */ = {
			isa = PBXGroup;
			children = (
				D29FC60B1CB72FD700DD5BC7 /* Maintenance.app */,
				D29FC61F1CB72FD700DD5BC7 /* MaintenanceTests.xctest */,
				D29FC62A1CB72FD700DD5BC7 /* MaintenanceUITests.xctest */,
			);
			name = Products;
			sourceTree = "<group>";
		};
		D29FC60D1CB72FD700DD5BC7 /* Maintenance */ = {
			isa = PBXGroup;
			children = (
				D29FC60E1CB72FD700DD5BC7 /* AppDelegate.swift */,
				D24A1FA11CDF9CB10084DD18 /* Model.swift */,
				D29FC6101CB72FD700DD5BC7 /* ViewController.swift */,
				D29FC6121CB72FD700DD5BC7 /* Main.storyboard */,
				D20DD3E21D031C300097D55A /* BreakViewController.swift */,
				D24C83481CCEE63800EFD455 /* WorkerViewController.swift */,
				D2B9A4431CC434F700A156D2 /* DetailsViewController.swift */,
				D2B9A4411CC3218B00A156D2 /* NavigationController.swift */,
				D2B9A43F1CC31F0A00A156D2 /* TravelTimeViewController.swift */,
				D2B9A43D1CC3034500A156D2 /* TravelRequiredViewController.swift */,
				D2B9A43B1CC2F64A00A156D2 /* LocationViewController.swift */,
				D2B9A4371CC2895800A156D2 /* ServiceRequestNumberInputViewController.swift */,
				D2E179AB1CBA9C97008F64F2 /* MenuViewController.swift */,
				D29FC6151CB72FD700DD5BC7 /* Assets.xcassets */,
				D29FC61A1CB72FD700DD5BC7 /* Info.plist */,
				D23AFE821D0E4FD70068E3CC /* client_520986608923-k8rng83ktia0tufr8okh2fvosh2orroq.apps.googleusercontent.com.plist */,
				D2E179981CB874EE008F64F2 /* Model.xcdatamodeld */,
				D2E1799F1CB8779D008F64F2 /* DataController.swift */,
				D23AFE7D1D0B964F0068E3CC /* GoogleViewController.swift */,
				D23AFE7F1D0B98140068E3CC /* Maintenance-Bridging-Header.h */,
			);
			path = Maintenance;
			sourceTree = "<group>";
		};
		D29FC6221CB72FD700DD5BC7 /* MaintenanceTests */ = {
			isa = PBXGroup;
			children = (
				D29FC6231CB72FD700DD5BC7 /* MaintenanceTests.swift */,
				D29FC6251CB72FD700DD5BC7 /* Info.plist */,
			);
			path = MaintenanceTests;
			sourceTree = "<group>";
		};
		D29FC62D1CB72FD700DD5BC7 /* MaintenanceUITests */ = {
			isa = PBXGroup;
			children = (
				D29FC62E1CB72FD700DD5BC7 /* MaintenanceUITests.swift */,
				D29FC6301CB72FD700DD5BC7 /* Info.plist */,
			);
			path = MaintenanceUITests;
			sourceTree = "<group>";
		};
		D7D01BF0701A247AB621E3D0 /* Frameworks */ = {
			isa = PBXGroup;
			children = (
				9E5622FDD97CF21DDC6AD595 /* Pods_Maintenance.framework */,
			);
			name = Frameworks;
			sourceTree = "<group>";
		};
/* End PBXGroup section */

/* Begin PBXNativeTarget section */
		D29FC60A1CB72FD700DD5BC7 /* Maintenance */ = {
			isa = PBXNativeTarget;
			buildConfigurationList = D29FC6331CB72FD700DD5BC7 /* Build configuration list for PBXNativeTarget "Maintenance" */;
			buildPhases = (
				BB5D66739A204CEC6AECB236 /* 📦 Check Pods Manifest.lock */,
				D29FC6071CB72FD700DD5BC7 /* Sources */,
				D29FC6081CB72FD700DD5BC7 /* Frameworks */,
				D29FC6091CB72FD700DD5BC7 /* Resources */,
				B5252440FE11D974F8EC9090 /* 📦 Embed Pods Frameworks */,
				6F98BCBF751F34727912FAC5 /* 📦 Copy Pods Resources */,
			);
			buildRules = (
			);
			dependencies = (
			);
			name = Maintenance;
			productName = Maintenance;
			productReference = D29FC60B1CB72FD700DD5BC7 /* Maintenance.app */;
			productType = "com.apple.product-type.application";
		};
		D29FC61E1CB72FD700DD5BC7 /* MaintenanceTests */ = {
			isa = PBXNativeTarget;
			buildConfigurationList = D29FC6361CB72FD700DD5BC7 /* Build configuration list for PBXNativeTarget "MaintenanceTests" */;
			buildPhases = (
				D29FC61B1CB72FD700DD5BC7 /* Sources */,
				D29FC61C1CB72FD700DD5BC7 /* Frameworks */,
				D29FC61D1CB72FD700DD5BC7 /* Resources */,
			);
			buildRules = (
			);
			dependencies = (
				D29FC6211CB72FD700DD5BC7 /* PBXTargetDependency */,
			);
			name = MaintenanceTests;
			productName = MaintenanceTests;
			productReference = D29FC61F1CB72FD700DD5BC7 /* MaintenanceTests.xctest */;
			productType = "com.apple.product-type.bundle.unit-test";
		};
		D29FC6291CB72FD700DD5BC7 /* MaintenanceUITests */ = {
			isa = PBXNativeTarget;
			buildConfigurationList = D29FC6391CB72FD700DD5BC7 /* Build configuration list for PBXNativeTarget "MaintenanceUITests" */;
			buildPhases = (
				D29FC6261CB72FD700DD5BC7 /* Sources */,
				D29FC6271CB72FD700DD5BC7 /* Frameworks */,
				D29FC6281CB72FD700DD5BC7 /* Resources */,
			);
			buildRules = (
			);
			dependencies = (
				D29FC62C1CB72FD700DD5BC7 /* PBXTargetDependency */,
			);
			name = MaintenanceUITests;
			productName = MaintenanceUITests;
			productReference = D29FC62A1CB72FD700DD5BC7 /* MaintenanceUITests.xctest */;
			productType = "com.apple.product-type.bundle.ui-testing";
		};
/* End PBXNativeTarget section */

/* Begin PBXProject section */
		D29FC6031CB72FD700DD5BC7 /* Project object */ = {
			isa = PBXProject;
			attributes = {
				KnownAssetTags = (
					"First Name",
				);
				LastSwiftUpdateCheck = 0730;
				LastUpgradeCheck = 0730;
				ORGANIZATIONNAME = "Metro Self Storage";
				TargetAttributes = {
					D29FC60A1CB72FD700DD5BC7 = {
						CreatedOnToolsVersion = 7.3;
						DevelopmentTeam = RGEP6KZW5J;
					};
					D29FC61E1CB72FD700DD5BC7 = {
						CreatedOnToolsVersion = 7.3;
						TestTargetID = D29FC60A1CB72FD700DD5BC7;
					};
					D29FC6291CB72FD700DD5BC7 = {
						CreatedOnToolsVersion = 7.3;
						TestTargetID = D29FC60A1CB72FD700DD5BC7;
					};
				};
			};
			buildConfigurationList = D29FC6061CB72FD700DD5BC7 /* Build configuration list for PBXProject "Maintenance" */;
			compatibilityVersion = "Xcode 3.2";
			developmentRegion = English;
			hasScannedForEncodings = 0;
			knownRegions = (
				en,
				Base,
			);
			mainGroup = D29FC6021CB72FD700DD5BC7;
			productRefGroup = D29FC60C1CB72FD700DD5BC7 /* Products */;
			projectDirPath = "";
			projectRoot = "";
			targets = (
				D29FC60A1CB72FD700DD5BC7 /* Maintenance */,
				D29FC61E1CB72FD700DD5BC7 /* MaintenanceTests */,
				D29FC6291CB72FD700DD5BC7 /* MaintenanceUITests */,
			);
		};
/* End PBXProject section */

/* Begin PBXResourcesBuildPhase section */
		D29FC6091CB72FD700DD5BC7 /* Resources */ = {
			isa = PBXResourcesBuildPhase;
			buildActionMask = 2147483647;
			files = (
				D29FC6161CB72FD700DD5BC7 /* Assets.xcassets in Resources */,
				D29FC6141CB72FD700DD5BC7 /* Main.storyboard in Resources */,
				D23AFE831D0E4FD70068E3CC /* client_520986608923-k8rng83ktia0tufr8okh2fvosh2orroq.apps.googleusercontent.com.plist in Resources */,
			);
			runOnlyForDeploymentPostprocessing = 0;
		};
		D29FC61D1CB72FD700DD5BC7 /* Resources */ = {
			isa = PBXResourcesBuildPhase;
			buildActionMask = 2147483647;
			files = (
			);
			runOnlyForDeploymentPostprocessing = 0;
		};
		D29FC6281CB72FD700DD5BC7 /* Resources */ = {
			isa = PBXResourcesBuildPhase;
			buildActionMask = 2147483647;
			files = (
			);
			runOnlyForDeploymentPostprocessing = 0;
		};
/* End PBXResourcesBuildPhase section */

/* Begin PBXShellScriptBuildPhase section */
		6F98BCBF751F34727912FAC5 /* 📦 Copy Pods Resources */ = {
			isa = PBXShellScriptBuildPhase;
			buildActionMask = 2147483647;
			files = (
			);
			inputPaths = (
			);
			name = "📦 Copy Pods Resources";
			outputPaths = (
			);
			runOnlyForDeploymentPostprocessing = 0;
			shellPath = /bin/sh;
			shellScript = "\"${SRCROOT}/Pods/Target Support Files/Pods-Maintenance/Pods-Maintenance-resources.sh\"\n";
			showEnvVarsInLog = 0;
		};
		B5252440FE11D974F8EC9090 /* 📦 Embed Pods Frameworks */ = {
			isa = PBXShellScriptBuildPhase;
			buildActionMask = 2147483647;
			files = (
			);
			inputPaths = (
			);
			name = "📦 Embed Pods Frameworks";
			outputPaths = (
			);
			runOnlyForDeploymentPostprocessing = 0;
			shellPath = /bin/sh;
			shellScript = "\"${SRCROOT}/Pods/Target Support Files/Pods-Maintenance/Pods-Maintenance-frameworks.sh\"\n";
			showEnvVarsInLog = 0;
		};
		BB5D66739A204CEC6AECB236 /* 📦 Check Pods Manifest.lock */ = {
			isa = PBXShellScriptBuildPhase;
			buildActionMask = 2147483647;
			files = (
			);
			inputPaths = (
			);
			name = "📦 Check Pods Manifest.lock";
			outputPaths = (
			);
			runOnlyForDeploymentPostprocessing = 0;
			shellPath = /bin/sh;
			shellScript = "diff \"${PODS_ROOT}/../Podfile.lock\" \"${PODS_ROOT}/Manifest.lock\" > /dev/null\nif [[ $? != 0 ]] ; then\n    cat << EOM\nerror: The sandbox is not in sync with the Podfile.lock. Run 'pod install' or update your CocoaPods installation.\nEOM\n    exit 1\nfi\n";
			showEnvVarsInLog = 0;
		};
/* End PBXShellScriptBuildPhase section */

/* Begin PBXSourcesBuildPhase section */
		D29FC6071CB72FD700DD5BC7 /* Sources */ = {
			isa = PBXSourcesBuildPhase;
			buildActionMask = 2147483647;
			files = (
				D2E179A31CB9B0DD008F64F2 /* ServiceRequest+CoreDataProperties.swift in Sources */,
				D2E179AC1CBA9C97008F64F2 /* MenuViewController.swift in Sources */,
				D2E179A41CB9B0DD008F64F2 /* ServiceRequest.swift in Sources */,
				D2E1799E1CB87755008F64F2 /* Worker.swift in Sources */,
				D2B9A4401CC31F0A00A156D2 /* TravelTimeViewController.swift in Sources */,
				D23AFE7E1D0B964F0068E3CC /* GoogleViewController.swift in Sources */,
				D2B9A4421CC3218B00A156D2 /* NavigationController.swift in Sources */,
				D2E179A01CB8779D008F64F2 /* DataController.swift in Sources */,
				D2B9A43C1CC2F64A00A156D2 /* LocationViewController.swift in Sources */,
				D2C2B0841CFD014B0063BE56 /* CurrentStage+CoreDataProperties.swift in Sources */,
				D2C2B0851CFD014B0063BE56 /* CurrentStage.swift in Sources */,
				D29FC6111CB72FD700DD5BC7 /* ViewController.swift in Sources */,
				D2B9A43E1CC3034500A156D2 /* TravelRequiredViewController.swift in Sources */,
				D24A1FA21CDF9CB10084DD18 /* Model.swift in Sources */,
				D29FC60F1CB72FD700DD5BC7 /* AppDelegate.swift in Sources */,
				D2E1799A1CB874EE008F64F2 /* Model.xcdatamodeld in Sources */,
				D2B9A4381CC2895800A156D2 /* ServiceRequestNumberInputViewController.swift in Sources */,
				D20DD3E31D031C300097D55A /* BreakViewController.swift in Sources */,
				D2E1799D1CB87755008F64F2 /* Worker+CoreDataProperties.swift in Sources */,
				D24C83491CCEE63800EFD455 /* WorkerViewController.swift in Sources */,
				D2B9A4441CC434F700A156D2 /* DetailsViewController.swift in Sources */,
			);
			runOnlyForDeploymentPostprocessing = 0;
		};
		D29FC61B1CB72FD700DD5BC7 /* Sources */ = {
			isa = PBXSourcesBuildPhase;
			buildActionMask = 2147483647;
			files = (
				D29FC6241CB72FD700DD5BC7 /* MaintenanceTests.swift in Sources */,
			);
			runOnlyForDeploymentPostprocessing = 0;
		};
		D29FC6261CB72FD700DD5BC7 /* Sources */ = {
			isa = PBXSourcesBuildPhase;
			buildActionMask = 2147483647;
			files = (
				D29FC62F1CB72FD700DD5BC7 /* MaintenanceUITests.swift in Sources */,
			);
			runOnlyForDeploymentPostprocessing = 0;
		};
/* End PBXSourcesBuildPhase section */

/* Begin PBXTargetDependency section */
		D29FC6211CB72FD700DD5BC7 /* PBXTargetDependency */ = {
			isa = PBXTargetDependency;
			target = D29FC60A1CB72FD700DD5BC7 /* Maintenance */;
			targetProxy = D29FC6201CB72FD700DD5BC7 /* PBXContainerItemProxy */;
		};
		D29FC62C1CB72FD700DD5BC7 /* PBXTargetDependency */ = {
			isa = PBXTargetDependency;
			target = D29FC60A1CB72FD700DD5BC7 /* Maintenance */;
			targetProxy = D29FC62B1CB72FD700DD5BC7 /* PBXContainerItemProxy */;
		};
/* End PBXTargetDependency section */

/* Begin PBXVariantGroup section */
		D29FC6121CB72FD700DD5BC7 /* Main.storyboard */ = {
			isa = PBXVariantGroup;
			children = (
				D29FC6131CB72FD700DD5BC7 /* Base */,
			);
			name = Main.storyboard;
			sourceTree = "<group>";
		};
/* End PBXVariantGroup section */

/* Begin XCBuildConfiguration section */
		D29FC6311CB72FD700DD5BC7 /* Debug */ = {
			isa = XCBuildConfiguration;
			buildSettings = {
				ALWAYS_SEARCH_USER_PATHS = NO;
				CLANG_ANALYZER_NONNULL = YES;
				CLANG_CXX_LANGUAGE_STANDARD = "gnu++0x";
				CLANG_CXX_LIBRARY = "libc++";
				CLANG_ENABLE_MODULES = YES;
				CLANG_ENABLE_OBJC_ARC = YES;
				CLANG_WARN_BOOL_CONVERSION = YES;
				CLANG_WARN_CONSTANT_CONVERSION = YES;
				CLANG_WARN_DIRECT_OBJC_ISA_USAGE = YES_ERROR;
				CLANG_WARN_EMPTY_BODY = YES;
				CLANG_WARN_ENUM_CONVERSION = YES;
				CLANG_WARN_INT_CONVERSION = YES;
				CLANG_WARN_OBJC_ROOT_CLASS = YES_ERROR;
				CLANG_WARN_UNREACHABLE_CODE = YES;
				CLANG_WARN__DUPLICATE_METHOD_MATCH = YES;
				"CODE_SIGN_IDENTITY[sdk=iphoneos*]" = "iPhone Developer";
				COPY_PHASE_STRIP = NO;
				DEBUG_INFORMATION_FORMAT = dwarf;
				ENABLE_STRICT_OBJC_MSGSEND = YES;
				ENABLE_TESTABILITY = YES;
				GCC_C_LANGUAGE_STANDARD = gnu99;
				GCC_DYNAMIC_NO_PIC = NO;
				GCC_NO_COMMON_BLOCKS = YES;
				GCC_OPTIMIZATION_LEVEL = 0;
				GCC_PREPROCESSOR_DEFINITIONS = (
					"DEBUG=1",
					"$(inherited)",
				);
				GCC_WARN_64_TO_32_BIT_CONVERSION = YES;
				GCC_WARN_ABOUT_RETURN_TYPE = YES_ERROR;
				GCC_WARN_UNDECLARED_SELECTOR = YES;
				GCC_WARN_UNINITIALIZED_AUTOS = YES_AGGRESSIVE;
				GCC_WARN_UNUSED_FUNCTION = YES;
				GCC_WARN_UNUSED_VARIABLE = YES;
				IPHONEOS_DEPLOYMENT_TARGET = 9.3;
				MTL_ENABLE_DEBUG_INFO = YES;
				ONLY_ACTIVE_ARCH = YES;
				SDKROOT = iphoneos;
				SWIFT_OPTIMIZATION_LEVEL = "-Onone";
				TARGETED_DEVICE_FAMILY = 2;
			};
			name = Debug;
		};
		D29FC6321CB72FD700DD5BC7 /* Release */ = {
			isa = XCBuildConfiguration;
			buildSettings = {
				ALWAYS_SEARCH_USER_PATHS = NO;
				CLANG_ANALYZER_NONNULL = YES;
				CLANG_CXX_LANGUAGE_STANDARD = "gnu++0x";
				CLANG_CXX_LIBRARY = "libc++";
				CLANG_ENABLE_MODULES = YES;
				CLANG_ENABLE_OBJC_ARC = YES;
				CLANG_WARN_BOOL_CONVERSION = YES;
				CLANG_WARN_CONSTANT_CONVERSION = YES;
				CLANG_WARN_DIRECT_OBJC_ISA_USAGE = YES_ERROR;
				CLANG_WARN_EMPTY_BODY = YES;
				CLANG_WARN_ENUM_CONVERSION = YES;
				CLANG_WARN_INT_CONVERSION = YES;
				CLANG_WARN_OBJC_ROOT_CLASS = YES_ERROR;
				CLANG_WARN_UNREACHABLE_CODE = YES;
				CLANG_WARN__DUPLICATE_METHOD_MATCH = YES;
				"CODE_SIGN_IDENTITY[sdk=iphoneos*]" = "iPhone Developer";
				COPY_PHASE_STRIP = NO;
				DEBUG_INFORMATION_FORMAT = "dwarf-with-dsym";
				ENABLE_NS_ASSERTIONS = NO;
				ENABLE_STRICT_OBJC_MSGSEND = YES;
				GCC_C_LANGUAGE_STANDARD = gnu99;
				GCC_NO_COMMON_BLOCKS = YES;
				GCC_WARN_64_TO_32_BIT_CONVERSION = YES;
				GCC_WARN_ABOUT_RETURN_TYPE = YES_ERROR;
				GCC_WARN_UNDECLARED_SELECTOR = YES;
				GCC_WARN_UNINITIALIZED_AUTOS = YES_AGGRESSIVE;
				GCC_WARN_UNUSED_FUNCTION = YES;
				GCC_WARN_UNUSED_VARIABLE = YES;
				IPHONEOS_DEPLOYMENT_TARGET = 9.3;
				MTL_ENABLE_DEBUG_INFO = NO;
				SDKROOT = iphoneos;
				TARGETED_DEVICE_FAMILY = 2;
				VALIDATE_PRODUCT = YES;
			};
			name = Release;
		};
		D29FC6341CB72FD700DD5BC7 /* Debug */ = {
			isa = XCBuildConfiguration;
			baseConfigurationReference = 0E70EDCCD88FB9796D4EE3E9 /* Pods-Maintenance.debug.xcconfig */;
			buildSettings = {
				ASSETCATALOG_COMPILER_APPICON_NAME = AppIcon;
				CLANG_ENABLE_MODULES = YES;
				CODE_SIGN_IDENTITY = "iPhone Developer";
				"CODE_SIGN_IDENTITY[sdk=iphoneos*]" = "iPhone Developer";
				INFOPLIST_FILE = Maintenance/Info.plist;
				IPHONEOS_DEPLOYMENT_TARGET = 7.1;
				LD_RUNPATH_SEARCH_PATHS = "$(inherited) @executable_path/Frameworks";
				PRODUCT_BUNDLE_IDENTIFIER = ca.akiba.Maintenance;
				PRODUCT_NAME = "$(TARGET_NAME)";
				PROVISIONING_PROFILE = "";
				SWIFT_OBJC_BRIDGING_HEADER = "Maintenance/Maintenance-Bridging-Header.h";
				SWIFT_OPTIMIZATION_LEVEL = "-Onone";
				TARGETED_DEVICE_FAMILY = 2;
			};
			name = Debug;
		};
		D29FC6351CB72FD700DD5BC7 /* Release */ = {
			isa = XCBuildConfiguration;
			baseConfigurationReference = C42DF27300AEB86A5CF9F86D /* Pods-Maintenance.release.xcconfig */;
			buildSettings = {
				ASSETCATALOG_COMPILER_APPICON_NAME = AppIcon;
				CLANG_ENABLE_MODULES = YES;
				CODE_SIGN_IDENTITY = "iPhone Developer";
				"CODE_SIGN_IDENTITY[sdk=iphoneos*]" = "iPhone Developer";
				INFOPLIST_FILE = Maintenance/Info.plist;
				IPHONEOS_DEPLOYMENT_TARGET = 7.1;
				LD_RUNPATH_SEARCH_PATHS = "$(inherited) @executable_path/Frameworks";
				PRODUCT_BUNDLE_IDENTIFIER = ca.akiba.Maintenance;
				PRODUCT_NAME = "$(TARGET_NAME)";
				PROVISIONING_PROFILE = "";
				SWIFT_OBJC_BRIDGING_HEADER = "Maintenance/Maintenance-Bridging-Header.h";
				TARGETED_DEVICE_FAMILY = 2;
			};
			name = Release;
		};
		D29FC6371CB72FD700DD5BC7 /* Debug */ = {
			isa = XCBuildConfiguration;
			buildSettings = {
				BUNDLE_LOADER = "$(TEST_HOST)";
				INFOPLIST_FILE = MaintenanceTests/Info.plist;
				LD_RUNPATH_SEARCH_PATHS = "$(inherited) @executable_path/Frameworks @loader_path/Frameworks";
				PRODUCT_BUNDLE_IDENTIFIER = ca.akiba.MaintenanceTests;
				PRODUCT_NAME = "$(TARGET_NAME)";
				TEST_HOST = "$(BUILT_PRODUCTS_DIR)/Maintenance.app/Maintenance";
			};
			name = Debug;
		};
		D29FC6381CB72FD700DD5BC7 /* Release */ = {
			isa = XCBuildConfiguration;
			buildSettings = {
				BUNDLE_LOADER = "$(TEST_HOST)";
				INFOPLIST_FILE = MaintenanceTests/Info.plist;
				LD_RUNPATH_SEARCH_PATHS = "$(inherited) @executable_path/Frameworks @loader_path/Frameworks";
				PRODUCT_BUNDLE_IDENTIFIER = ca.akiba.MaintenanceTests;
				PRODUCT_NAME = "$(TARGET_NAME)";
				TEST_HOST = "$(BUILT_PRODUCTS_DIR)/Maintenance.app/Maintenance";
			};
			name = Release;
		};
		D29FC63A1CB72FD700DD5BC7 /* Debug */ = {
			isa = XCBuildConfiguration;
			buildSettings = {
				INFOPLIST_FILE = MaintenanceUITests/Info.plist;
				LD_RUNPATH_SEARCH_PATHS = "$(inherited) @executable_path/Frameworks @loader_path/Frameworks";
				PRODUCT_BUNDLE_IDENTIFIER = ca.akiba.MaintenanceUITests;
				PRODUCT_NAME = "$(TARGET_NAME)";
				TEST_TARGET_NAME = Maintenance;
			};
			name = Debug;
		};
		D29FC63B1CB72FD700DD5BC7 /* Release */ = {
			isa = XCBuildConfiguration;
			buildSettings = {
				INFOPLIST_FILE = MaintenanceUITests/Info.plist;
				LD_RUNPATH_SEARCH_PATHS = "$(inherited) @executable_path/Frameworks @loader_path/Frameworks";
				PRODUCT_BUNDLE_IDENTIFIER = ca.akiba.MaintenanceUITests;
				PRODUCT_NAME = "$(TARGET_NAME)";
				TEST_TARGET_NAME = Maintenance;
			};
			name = Release;
		};
/* End XCBuildConfiguration section */

/* Begin XCConfigurationList section */
		D29FC6061CB72FD700DD5BC7 /* Build configuration list for PBXProject "Maintenance" */ = {
			isa = XCConfigurationList;
			buildConfigurations = (
				D29FC6311CB72FD700DD5BC7 /* Debug */,
				D29FC6321CB72FD700DD5BC7 /* Release */,
			);
			defaultConfigurationIsVisible = 0;
			defaultConfigurationName = Release;
		};
		D29FC6331CB72FD700DD5BC7 /* Build configuration list for PBXNativeTarget "Maintenance" */ = {
			isa = XCConfigurationList;
			buildConfigurations = (
				D29FC6341CB72FD700DD5BC7 /* Debug */,
				D29FC6351CB72FD700DD5BC7 /* Release */,
			);
			defaultConfigurationIsVisible = 0;
			defaultConfigurationName = Release;
		};
		D29FC6361CB72FD700DD5BC7 /* Build configuration list for PBXNativeTarget "MaintenanceTests" */ = {
			isa = XCConfigurationList;
			buildConfigurations = (
				D29FC6371CB72FD700DD5BC7 /* Debug */,
				D29FC6381CB72FD700DD5BC7 /* Release */,
			);
			defaultConfigurationIsVisible = 0;
			defaultConfigurationName = Release;
		};
		D29FC6391CB72FD700DD5BC7 /* Build configuration list for PBXNativeTarget "MaintenanceUITests" */ = {
			isa = XCConfigurationList;
			buildConfigurations = (
				D29FC63A1CB72FD700DD5BC7 /* Debug */,
				D29FC63B1CB72FD700DD5BC7 /* Release */,
			);
			defaultConfigurationIsVisible = 0;
			defaultConfigurationName = Release;
		};
/* End XCConfigurationList section */

/* Begin XCVersionGroup section */
		D2E179981CB874EE008F64F2 /* Model.xcdatamodeld */ = {
			isa = XCVersionGroup;
			children = (
				D2E179991CB874EE008F64F2 /* Model.xcdatamodel */,
			);
			currentVersion = D2E179991CB874EE008F64F2 /* Model.xcdatamodel */;
			path = Model.xcdatamodeld;
			sourceTree = "<group>";
			versionGroupType = wrapper.xcdatamodel;
		};
/* End XCVersionGroup section */
	};
	rootObject = D29FC6031CB72FD700DD5BC7 /* Project object */;
}
